
Microsoft Visual Studio Solution File, Format Version 12.00
# Visual Studio Version 16
VisualStudioVersion = 16.0.30413.136
MinimumVisualStudioVersion = 10.0.40219.1
Project("{2150E333-8FDC-42A3-9474-1A3956D46DE8}") = "1-Presentacion", "1-Presentacion", "{571D270C-047B-4471-A0E5-E3297C3A462E}"
EndProject
Project("{2150E333-8FDC-42A3-9474-1A3956D46DE8}") = "2-Aplicacion", "2-Aplicacion", "{95F33524-CAD2-499A-8D43-8CFA867CC7DA}"
EndProject
Project("{2150E333-8FDC-42A3-9474-1A3956D46DE8}") = "3-Servicios", "3-Servicios", "{B06C129E-C608-41CC-8A8F-C10686156D9D}"
EndProject
Project("{2150E333-8FDC-42A3-9474-1A3956D46DE8}") = "4-Dominio", "4-Dominio", "{F3205160-3309-420E-B256-C76F4ADDABCE}"
EndProject
Project("{2150E333-8FDC-42A3-9474-1A3956D46DE8}") = "5-AccesoDatos", "5-AccesoDatos", "{3483AAC7-91BD-483C-8236-EDEF99A40247}"
EndProject
Project("{FAE04EC0-301F-11D3-BF4B-00C04F79EFBC}") = "Infraestructura", "Infraestructura\Infraestructura.csproj", "{F28AECFD-D7F7-4BAC-B8FD-9C46C25E6CE0}"
EndProject
Project("{FAE04EC0-301F-11D3-BF4B-00C04F79EFBC}") = "Dominio", "Dominio\Dominio.csproj", "{7A1EF938-26CA-485B-ADC5-1DE95BD00EC8}"
EndProject
Project("{FAE04EC0-301F-11D3-BF4B-00C04F79EFBC}") = "IServicios", "IServicios\IServicios.csproj", "{7F291B0F-50F0-4223-A5F4-FDC4CFEA30AA}"
EndProject
Project("{FAE04EC0-301F-11D3-BF4B-00C04F79EFBC}") = "Servicios", "Servicios\Servicios.csproj", "{C15646D0-1E02-4758-ADD5-78684A4A6275}"
EndProject
Project("{FAE04EC0-301F-11D3-BF4B-00C04F79EFBC}") = "Aplicacion", "Aplicacion\Aplicacion.csproj", "{708BB1C6-5D53-4E4C-99CB-8CB0C7DD0140}"
EndProject
Project("{FAE04EC0-301F-11D3-BF4B-00C04F79EFBC}") = "CommerceApp", "CommerceApp\CommerceApp.csproj", "{35DC1B5D-058B-469F-8EAF-12D3AC2A3C3A}"
EndProject
Project("{FAE04EC0-301F-11D3-BF4B-00C04F79EFBC}") = "Aplicacion.IoC", "Aplicacion.IoC\Aplicacion.IoC.csproj", "{567BFA46-31D4-4E66-A46F-7B8F5F15DC52}"
EndProject
Project("{FAE04EC0-301F-11D3-BF4B-00C04F79EFBC}") = "PresentacionBase", "PresentacionBase\PresentacionBase.csproj", "{0939E2AB-7845-4ADB-ABCC-44F79A4004B2}"
EndProject
Project("{FAE04EC0-301F-11D3-BF4B-00C04F79EFBC}") = "Presentacion.Core", "Presentacion.Core\Presentacion.Core.csproj", "{F0227FC8-F97A-444A-B249-A6E8E7D60F2D}"
EndProject
Project("{FAE04EC0-301F-11D3-BF4B-00C04F79EFBC}") = "Aplicacion.Constantes", "Aplicacion.Constantes\Aplicacion.Constantes.csproj", "{D4DD37CF-E0AB-4AE0-BEC0-2074304C821B}"
EndProject
Global
	GlobalSection(SolutionConfigurationPlatforms) = preSolution
		Debug|Any CPU = Debug|Any CPU
		Release|Any CPU = Release|Any CPU
	EndGlobalSection
	GlobalSection(ProjectConfigurationPlatforms) = postSolution
		{F28AECFD-D7F7-4BAC-B8FD-9C46C25E6CE0}.Debug|Any CPU.ActiveCfg = Debug|Any CPU
		{F28AECFD-D7F7-4BAC-B8FD-9C46C25E6CE0}.Debug|Any CPU.Build.0 = Debug|Any CPU
		{F28AECFD-D7F7-4BAC-B8FD-9C46C25E6CE0}.Release|Any CPU.ActiveCfg = Release|Any CPU
		{F28AECFD-D7F7-4BAC-B8FD-9C46C25E6CE0}.Release|Any CPU.Build.0 = Release|Any CPU
		{7A1EF938-26CA-485B-ADC5-1DE95BD00EC8}.Debug|Any CPU.ActiveCfg = Debug|Any CPU
		{7A1EF938-26CA-485B-ADC5-1DE95BD00EC8}.Debug|Any CPU.Build.0 = Debug|Any CPU
		{7A1EF938-26CA-485B-ADC5-1DE95BD00EC8}.Release|Any CPU.ActiveCfg = Release|Any CPU
		{7A1EF938-26CA-485B-ADC5-1DE95BD00EC8}.Release|Any CPU.Build.0 = Release|Any CPU
		{7F291B0F-50F0-4223-A5F4-FDC4CFEA30AA}.Debug|Any CPU.ActiveCfg = Debug|Any CPU
		{7F291B0F-50F0-4223-A5F4-FDC4CFEA30AA}.Debug|Any CPU.Build.0 = Debug|Any CPU
		{7F291B0F-50F0-4223-A5F4-FDC4CFEA30AA}.Release|Any CPU.ActiveCfg = Release|Any CPU
		{7F291B0F-50F0-4223-A5F4-FDC4CFEA30AA}.Release|Any CPU.Build.0 = Release|Any CPU
		{C15646D0-1E02-4758-ADD5-78684A4A6275}.Debug|Any CPU.ActiveCfg = Debug|Any CPU
		{C15646D0-1E02-4758-ADD5-78684A4A6275}.Debug|Any CPU.Build.0 = Debug|Any CPU
		{C15646D0-1E02-4758-ADD5-78684A4A6275}.Release|Any CPU.ActiveCfg = Release|Any CPU
		{C15646D0-1E02-4758-ADD5-78684A4A6275}.Release|Any CPU.Build.0 = Release|Any CPU
		{708BB1C6-5D53-4E4C-99CB-8CB0C7DD0140}.Debug|Any CPU.ActiveCfg = Debug|Any CPU
		{708BB1C6-5D53-4E4C-99CB-8CB0C7DD0140}.Debug|Any CPU.Build.0 = Debug|Any CPU
		{708BB1C6-5D53-4E4C-99CB-8CB0C7DD0140}.Release|Any CPU.ActiveCfg = Release|Any CPU
		{708BB1C6-5D53-4E4C-99CB-8CB0C7DD0140}.Release|Any CPU.Build.0 = Release|Any CPU
		{35DC1B5D-058B-469F-8EAF-12D3AC2A3C3A}.Debug|Any CPU.ActiveCfg = Debug|Any CPU
		{35DC1B5D-058B-469F-8EAF-12D3AC2A3C3A}.Debug|Any CPU.Build.0 = Debug|Any CPU
		{35DC1B5D-058B-469F-8EAF-12D3AC2A3C3A}.Release|Any CPU.ActiveCfg = Release|Any CPU
		{35DC1B5D-058B-469F-8EAF-12D3AC2A3C3A}.Release|Any CPU.Build.0 = Release|Any CPU
		{567BFA46-31D4-4E66-A46F-7B8F5F15DC52}.Debug|Any CPU.ActiveCfg = Debug|Any CPU
		{567BFA46-31D4-4E66-A46F-7B8F5F15DC52}.Debug|Any CPU.Build.0 = Debug|Any CPU
		{567BFA46-31D4-4E66-A46F-7B8F5F15DC52}.Release|Any CPU.ActiveCfg = Release|Any CPU
		{567BFA46-31D4-4E66-A46F-7B8F5F15DC52}.Release|Any CPU.Build.0 = Release|Any CPU
		{0939E2AB-7845-4ADB-ABCC-44F79A4004B2}.Debug|Any CPU.ActiveCfg = Debug|Any CPU
		{0939E2AB-7845-4ADB-ABCC-44F79A4004B2}.Debug|Any CPU.Build.0 = Debug|Any CPU
		{0939E2AB-7845-4ADB-ABCC-44F79A4004B2}.Release|Any CPU.ActiveCfg = Release|Any CPU
		{0939E2AB-7845-4ADB-ABCC-44F79A4004B2}.Release|Any CPU.Build.0 = Release|Any CPU
		{F0227FC8-F97A-444A-B249-A6E8E7D60F2D}.Debug|Any CPU.ActiveCfg = Debug|Any CPU
		{F0227FC8-F97A-444A-B249-A6E8E7D60F2D}.Debug|Any CPU.Build.0 = Debug|Any CPU
		{F0227FC8-F97A-444A-B249-A6E8E7D60F2D}.Release|Any CPU.ActiveCfg = Release|Any CPU
		{F0227FC8-F97A-444A-B249-A6E8E7D60F2D}.Release|Any CPU.Build.0 = Release|Any CPU
		{D4DD37CF-E0AB-4AE0-BEC0-2074304C821B}.Debug|Any CPU.ActiveCfg = Debug|Any CPU
		{D4DD37CF-E0AB-4AE0-BEC0-2074304C821B}.Debug|Any CPU.Build.0 = Debug|Any CPU
		{D4DD37CF-E0AB-4AE0-BEC0-2074304C821B}.Release|Any CPU.ActiveCfg = Release|Any CPU
		{D4DD37CF-E0AB-4AE0-BEC0-2074304C821B}.Release|Any CPU.Build.0 = Release|Any CPU
	EndGlobalSection
	GlobalSection(SolutionProperties) = preSolution
		HideSolutionNode = FALSE
	EndGlobalSection
	GlobalSection(NestedProjects) = preSolution
		{F28AECFD-D7F7-4BAC-B8FD-9C46C25E6CE0} = {3483AAC7-91BD-483C-8236-EDEF99A40247}
		{7A1EF938-26CA-485B-ADC5-1DE95BD00EC8} = {F3205160-3309-420E-B256-C76F4ADDABCE}
		{7F291B0F-50F0-4223-A5F4-FDC4CFEA30AA} = {B06C129E-C608-41CC-8A8F-C10686156D9D}
		{C15646D0-1E02-4758-ADD5-78684A4A6275} = {B06C129E-C608-41CC-8A8F-C10686156D9D}
		{708BB1C6-5D53-4E4C-99CB-8CB0C7DD0140} = {95F33524-CAD2-499A-8D43-8CFA867CC7DA}
		{35DC1B5D-058B-469F-8EAF-12D3AC2A3C3A} = {571D270C-047B-4471-A0E5-E3297C3A462E}
		{567BFA46-31D4-4E66-A46F-7B8F5F15DC52} = {95F33524-CAD2-499A-8D43-8CFA867CC7DA}
		{0939E2AB-7845-4ADB-ABCC-44F79A4004B2} = {571D270C-047B-4471-A0E5-E3297C3A462E}
		{F0227FC8-F97A-444A-B249-A6E8E7D60F2D} = {571D270C-047B-4471-A0E5-E3297C3A462E}
		{D4DD37CF-E0AB-4AE0-BEC0-2074304C821B} = {95F33524-CAD2-499A-8D43-8CFA867CC7DA}
	EndGlobalSection
	GlobalSection(ExtensibilityGlobals) = postSolution
		SolutionGuid = {0B7D22FC-AAA4-4957-96E4-6954135AF61F}
	EndGlobalSection
EndGlobal
